
Microsoft Visual Studio Solution File, Format Version 12.00
# Visual Studio Version 17
VisualStudioVersion = 17.14.36408.4 d17.14
MinimumVisualStudioVersion = 10.0.40219.1
Project("{8BC9CEB8-8B4A-11D0-8D11-00A0C91BC942}") = "PSDThumbnailProvider", "PSDThumbnailProvider\PSDThumbnailProvider.vcxproj", "{4C5566C2-A98D-4B1D-8ED8-F5932BD6F293}"
EndProject
Global
	GlobalSection(SolutionConfigurationPlatforms) = preSolution
		Debug|x64 = Debug|x64
	EndGlobalSection
	GlobalSection(ProjectConfigurationPlatforms) = postSolution
		{4C5566C2-A98D-4B1D-8ED8-F5932BD6F293}.Debug|x64.ActiveCfg = Debug|x64
		{4C5566C2-A98D-4B1D-8ED8-F5932BD6F293}.Debug|x64.Build.0 = Debug|x64
	EndGlobalSection
	GlobalSection(SolutionProperties) = preSolution
		HideSolutionNode = FALSE
	EndGlobalSection
	GlobalSection(ExtensibilityGlobals) = postSolution
		SolutionGuid = {EBFEB512-D92C-4C31-8295-FB75C1C54EF7}
	EndGlobalSection
EndGlobal
